
Microsoft Visual Studio Solution File, Format Version 12.00
# Visual Studio Version 17
VisualStudioVersion = 17.12.35707.178 d17.12
MinimumVisualStudioVersion = 10.0.40219.1
Project("{FAE04EC0-301F-11D3-BF4B-00C04F79EFBC}") = "StellarPageable", "StellarPageable.csproj", "{910F0A4B-0BDC-44E3-85B8-AB2E0914C59C}"
EndProject
Global
	GlobalSection(SolutionConfigurationPlatforms) = preSolution
		Debug|Any CPU = Debug|Any CPU
		Release|Any CPU = Release|Any CPU
	EndGlobalSection
	GlobalSection(ProjectConfigurationPlatforms) = postSolution
		{910F0A4B-0BDC-44E3-85B8-AB2E0914C59C}.Debug|Any CPU.ActiveCfg = Debug|Any CPU
		{910F0A4B-0BDC-44E3-85B8-AB2E0914C59C}.Debug|Any CPU.Build.0 = Debug|Any CPU
		{910F0A4B-0BDC-44E3-85B8-AB2E0914C59C}.Release|Any CPU.ActiveCfg = Release|Any CPU
		{910F0A4B-0BDC-44E3-85B8-AB2E0914C59C}.Release|Any CPU.Build.0 = Release|Any CPU
	EndGlobalSection
	GlobalSection(SolutionProperties) = preSolution
		HideSolutionNode = FALSE
	EndGlobalSection
EndGlobal
